
Microsoft Visual Studio Solution File, Format Version 12.00
# Visual Studio 15
VisualStudioVersion = 15.0.27004.2002
MinimumVisualStudioVersion = 10.0.40219.1
Project("{FAE04EC0-301F-11D3-BF4B-00C04F79EFBC}") = "SERVER", "SERVER\SERVER.csproj", "{6F883904-A2A9-4295-A4B2-85F822BF80F1}"
EndProject
Global
	GlobalSection(SolutionConfigurationPlatforms) = preSolution
		Debug|Any CPU = Debug|Any CPU
		Release|Any CPU = Release|Any CPU
	EndGlobalSection
	GlobalSection(ProjectConfigurationPlatforms) = postSolution
		{6F883904-A2A9-4295-A4B2-85F822BF80F1}.Debug|Any CPU.ActiveCfg = Debug|Any CPU
		{6F883904-A2A9-4295-A4B2-85F822BF80F1}.Debug|Any CPU.Build.0 = Debug|Any CPU
		{6F883904-A2A9-4295-A4B2-85F822BF80F1}.Release|Any CPU.ActiveCfg = Release|Any CPU
		{6F883904-A2A9-4295-A4B2-85F822BF80F1}.Release|Any CPU.Build.0 = Release|Any CPU
	EndGlobalSection
	GlobalSection(SolutionProperties) = preSolution
		HideSolutionNode = FALSE
	EndGlobalSection
	GlobalSection(ExtensibilityGlobals) = postSolution
		SolutionGuid = {E6EE0976-0538-4704-A8D3-034C7EF6DA95}
	EndGlobalSection
EndGlobal
